
Microsoft Visual Studio Solution File, Format Version 12.00
# Visual Studio Version 16
VisualStudioVersion = 16.0.32413.511
MinimumVisualStudioVersion = 10.0.40219.1
Project("{FAE04EC0-301F-11D3-BF4B-00C04F79EFBC}") = "ConsoleApp6GitEjemplo", "ConsoleApp6GitEjemplo\ConsoleApp6GitEjemplo.csproj", "{6444A38B-9E88-4963-A3A5-390998A41B74}"
EndProject
Global
	GlobalSection(SolutionConfigurationPlatforms) = preSolution
		Debug|Any CPU = Debug|Any CPU
		Release|Any CPU = Release|Any CPU
	EndGlobalSection
	GlobalSection(ProjectConfigurationPlatforms) = postSolution
		{6444A38B-9E88-4963-A3A5-390998A41B74}.Debug|Any CPU.ActiveCfg = Debug|Any CPU
		{6444A38B-9E88-4963-A3A5-390998A41B74}.Debug|Any CPU.Build.0 = Debug|Any CPU
		{6444A38B-9E88-4963-A3A5-390998A41B74}.Release|Any CPU.ActiveCfg = Release|Any CPU
		{6444A38B-9E88-4963-A3A5-390998A41B74}.Release|Any CPU.Build.0 = Release|Any CPU
	EndGlobalSection
	GlobalSection(SolutionProperties) = preSolution
		HideSolutionNode = FALSE
	EndGlobalSection
	GlobalSection(ExtensibilityGlobals) = postSolution
		SolutionGuid = {10609EFB-2DEB-4282-A146-B7BA01F1A03B}
	EndGlobalSection
EndGlobal
